{
  "dependencies": {
    "options": {
      "version": "0.0.6",
      "from": "options@>=0.0.5",
      "resolved": "https://registry.npmjs.org/options/-/options-0.0.6.tgz"
    },
    "ultron": {
      "version": "1.0.2",
      "from": "ultron@>=1.0.0 <1.1.0",
      "resolved": "https://registry.npmjs.org/ultron/-/ultron-1.0.2.tgz"
    },
    "ws": {
      "version": "1.0.0",
      "from": "ws@*",
      "resolved": "https://registry.npmjs.org/ws/-/ws-1.0.0.tgz"
    }
  }
}
